
Microsoft Visual Studio Solution File, Format Version 12.00
# Visual Studio Version 17
VisualStudioVersion = 17.10.35122.118
MinimumVisualStudioVersion = 10.0.40219.1
Project("{FAE04EC0-301F-11D3-BF4B-00C04F79EFBC}") = "EmailServiceAPI", "EmailServiceAPI\EmailServiceAPI.csproj", "{8A6911D9-671F-4D14-B2B7-1948FB0ED3D5}"
EndProject
Global
	GlobalSection(SolutionConfigurationPlatforms) = preSolution
		Debug|Any CPU = Debug|Any CPU
		Release|Any CPU = Release|Any CPU
	EndGlobalSection
	GlobalSection(ProjectConfigurationPlatforms) = postSolution
		{8A6911D9-671F-4D14-B2B7-1948FB0ED3D5}.Debug|Any CPU.ActiveCfg = Debug|Any CPU
		{8A6911D9-671F-4D14-B2B7-1948FB0ED3D5}.Debug|Any CPU.Build.0 = Debug|Any CPU
		{8A6911D9-671F-4D14-B2B7-1948FB0ED3D5}.Release|Any CPU.ActiveCfg = Release|Any CPU
		{8A6911D9-671F-4D14-B2B7-1948FB0ED3D5}.Release|Any CPU.Build.0 = Release|Any CPU
	EndGlobalSection
	GlobalSection(SolutionProperties) = preSolution
		HideSolutionNode = FALSE
	EndGlobalSection
	GlobalSection(ExtensibilityGlobals) = postSolution
		SolutionGuid = {0128E240-3A67-438A-82D6-D5775C721254}
	EndGlobalSection
EndGlobal
